
Microsoft Visual Studio Solution File, Format Version 11.00
# Visual Studio 2010
Project("{FAE04EC0-301F-11D3-BF4B-00C04F79EFBC}") = "MDI_containment", "MDI_containment\MDI_containment.csproj", "{EE9C41E6-CC8B-44B6-A610-542216F1FD12}"
EndProject
Global
	GlobalSection(SolutionConfigurationPlatforms) = preSolution
		Debug|x86 = Debug|x86
		Release|x86 = Release|x86
	EndGlobalSection
	GlobalSection(ProjectConfigurationPlatforms) = postSolution
		{EE9C41E6-CC8B-44B6-A610-542216F1FD12}.Debug|x86.ActiveCfg = Debug|x86
		{EE9C41E6-CC8B-44B6-A610-542216F1FD12}.Debug|x86.Build.0 = Debug|x86
		{EE9C41E6-CC8B-44B6-A610-542216F1FD12}.Release|x86.ActiveCfg = Release|x86
		{EE9C41E6-CC8B-44B6-A610-542216F1FD12}.Release|x86.Build.0 = Release|x86
	EndGlobalSection
	GlobalSection(SolutionProperties) = preSolution
		HideSolutionNode = FALSE
	EndGlobalSection
EndGlobal
